
Microsoft Visual Studio Solution File, Format Version 12.00
# Visual Studio Version 17
VisualStudioVersion = 17.13.35806.99 d17.13
MinimumVisualStudioVersion = 10.0.40219.1
Project("{FAE04EC0-301F-11D3-BF4B-00C04F79EFBC}") = "EinvoiceIntegration.Sample", "EinvoiceIntegration.Sample\EinvoiceIntegration.Sample.csproj", "{424B4772-4CCB-471E-9E9D-ED086B448792}"
EndProject
Global
	GlobalSection(SolutionConfigurationPlatforms) = preSolution
		Debug|Any CPU = Debug|Any CPU
		Release|Any CPU = Release|Any CPU
	EndGlobalSection
	GlobalSection(ProjectConfigurationPlatforms) = postSolution
		{424B4772-4CCB-471E-9E9D-ED086B448792}.Debug|Any CPU.ActiveCfg = Debug|Any CPU
		{424B4772-4CCB-471E-9E9D-ED086B448792}.Debug|Any CPU.Build.0 = Debug|Any CPU
		{424B4772-4CCB-471E-9E9D-ED086B448792}.Release|Any CPU.ActiveCfg = Release|Any CPU
		{424B4772-4CCB-471E-9E9D-ED086B448792}.Release|Any CPU.Build.0 = Release|Any CPU
	EndGlobalSection
	GlobalSection(SolutionProperties) = preSolution
		HideSolutionNode = FALSE
	EndGlobalSection
	GlobalSection(ExtensibilityGlobals) = postSolution
		SolutionGuid = {D583EB1D-C4AA-4917-BB6D-2058C8AE69E7}
	EndGlobalSection
EndGlobal
