
Microsoft Visual Studio Solution File, Format Version 11.00
# Visual Studio 2010
Project("{FAE04EC0-301F-11D3-BF4B-00C04F79EFBC}") = "CheckLoveCode", "CheckLoveCode\CheckLoveCode.csproj", "{A134C86E-1F46-4D2E-8A99-877D593C30AB}"
EndProject
Global
	GlobalSection(SolutionConfigurationPlatforms) = preSolution
		Debug|Any CPU = Debug|Any CPU
		Release|Any CPU = Release|Any CPU
	EndGlobalSection
	GlobalSection(ProjectConfigurationPlatforms) = postSolution
		{A134C86E-1F46-4D2E-8A99-877D593C30AB}.Debug|Any CPU.ActiveCfg = Debug|Any CPU
		{A134C86E-1F46-4D2E-8A99-877D593C30AB}.Debug|Any CPU.Build.0 = Debug|Any CPU
		{A134C86E-1F46-4D2E-8A99-877D593C30AB}.Release|Any CPU.ActiveCfg = Release|Any CPU
		{A134C86E-1F46-4D2E-8A99-877D593C30AB}.Release|Any CPU.Build.0 = Release|Any CPU
	EndGlobalSection
	GlobalSection(SolutionProperties) = preSolution
		HideSolutionNode = FALSE
	EndGlobalSection
EndGlobal
