
Microsoft Visual Studio Solution File, Format Version 11.00
# Visual Studio 2010
Project("{FAE04EC0-301F-11D3-BF4B-00C04F79EFBC}") = "InvoiceAllowanceByCollegiate", "InvoiceAllowanceByCollegiate\InvoiceAllowanceByCollegiate.csproj", "{870E89D6-0DEC-4667-A35A-9F49C1F47688}"
EndProject
Global
	GlobalSection(SolutionConfigurationPlatforms) = preSolution
		Debug|Any CPU = Debug|Any CPU
		Release|Any CPU = Release|Any CPU
	EndGlobalSection
	GlobalSection(ProjectConfigurationPlatforms) = postSolution
		{870E89D6-0DEC-4667-A35A-9F49C1F47688}.Debug|Any CPU.ActiveCfg = Debug|Any CPU
		{870E89D6-0DEC-4667-A35A-9F49C1F47688}.Debug|Any CPU.Build.0 = Debug|Any CPU
		{870E89D6-0DEC-4667-A35A-9F49C1F47688}.Release|Any CPU.ActiveCfg = Release|Any CPU
		{870E89D6-0DEC-4667-A35A-9F49C1F47688}.Release|Any CPU.Build.0 = Release|Any CPU
	EndGlobalSection
	GlobalSection(SolutionProperties) = preSolution
		HideSolutionNode = FALSE
	EndGlobalSection
EndGlobal
